
Microsoft Visual Studio Solution File, Format Version 12.00
# Visual Studio 15
VisualStudioVersion = 15.0.28307.902
MinimumVisualStudioVersion = 10.0.40219.1
Project("{FAE04EC0-301F-11D3-BF4B-00C04F79EFBC}") = "ConsoleApp3", "ConsoleApp3\ConsoleApp3.csproj", "{2C972836-331B-49B9-8A25-3BC929E0AD3E}"
EndProject
Global
	GlobalSection(SolutionConfigurationPlatforms) = preSolution
		Debug|Any CPU = Debug|Any CPU
		Release|Any CPU = Release|Any CPU
	EndGlobalSection
	GlobalSection(ProjectConfigurationPlatforms) = postSolution
		{2C972836-331B-49B9-8A25-3BC929E0AD3E}.Debug|Any CPU.ActiveCfg = Debug|Any CPU
		{2C972836-331B-49B9-8A25-3BC929E0AD3E}.Debug|Any CPU.Build.0 = Debug|Any CPU
		{2C972836-331B-49B9-8A25-3BC929E0AD3E}.Release|Any CPU.ActiveCfg = Release|Any CPU
		{2C972836-331B-49B9-8A25-3BC929E0AD3E}.Release|Any CPU.Build.0 = Release|Any CPU
	EndGlobalSection
	GlobalSection(SolutionProperties) = preSolution
		HideSolutionNode = FALSE
	EndGlobalSection
	GlobalSection(ExtensibilityGlobals) = postSolution
		SolutionGuid = {A6A21CD1-BAE6-483B-AD22-F30D7C6A213C}
	EndGlobalSection
EndGlobal
